
Microsoft Visual Studio Solution File, Format Version 12.00
# Visual Studio Version 17
VisualStudioVersion = 17.7.34202.233
MinimumVisualStudioVersion = 10.0.40219.1
Project("{9A19103F-16F7-4668-BE54-9A1E7A4F7556}") = "ASP.NET API", "ASP.NET API\ASP.NET API.csproj", "{2437C15D-A873-4180-8466-6D3A867310BB}"
EndProject
Project("{9A19103F-16F7-4668-BE54-9A1E7A4F7556}") = "BlazorConfig", "..\BlazorConfig\BlazorConfig.csproj", "{05C3C436-1315-42E7-888A-DB98C85AD268}"
EndProject
Global
	GlobalSection(SolutionConfigurationPlatforms) = preSolution
		Debug|Any CPU = Debug|Any CPU
		Release|Any CPU = Release|Any CPU
	EndGlobalSection
	GlobalSection(ProjectConfigurationPlatforms) = postSolution
		{2437C15D-A873-4180-8466-6D3A867310BB}.Debug|Any CPU.ActiveCfg = Debug|Any CPU
		{2437C15D-A873-4180-8466-6D3A867310BB}.Debug|Any CPU.Build.0 = Debug|Any CPU
		{2437C15D-A873-4180-8466-6D3A867310BB}.Release|Any CPU.ActiveCfg = Release|Any CPU
		{2437C15D-A873-4180-8466-6D3A867310BB}.Release|Any CPU.Build.0 = Release|Any CPU
		{05C3C436-1315-42E7-888A-DB98C85AD268}.Debug|Any CPU.ActiveCfg = Debug|Any CPU
		{05C3C436-1315-42E7-888A-DB98C85AD268}.Debug|Any CPU.Build.0 = Debug|Any CPU
		{05C3C436-1315-42E7-888A-DB98C85AD268}.Release|Any CPU.ActiveCfg = Release|Any CPU
		{05C3C436-1315-42E7-888A-DB98C85AD268}.Release|Any CPU.Build.0 = Release|Any CPU
	EndGlobalSection
	GlobalSection(SolutionProperties) = preSolution
		HideSolutionNode = FALSE
	EndGlobalSection
	GlobalSection(ExtensibilityGlobals) = postSolution
		SolutionGuid = {3DD16E31-7681-44CD-8947-A15B476C5A0A}
	EndGlobalSection
EndGlobal
